// !$*UTF8*$!
{
	archiveVersion = 1;
	classes = {
	};
	objectVersion = 55;
	objects = {

/* Begin PBXBuildFile section */
		E83C3F9727106917008FA3A0 /* NewsApp.swift in Sources */ = {isa = PBXBuildFile; fileRef = E83C3F9627106917008FA3A0 /* NewsApp.swift */; };
		E83C3F9927106917008FA3A0 /* NewsContentView.swift in Sources */ = {isa = PBXBuildFile; fileRef = E83C3F9827106917008FA3A0 /* NewsContentView.swift */; };
		E83C3F9B2710691A008FA3A0 /* Assets.xcassets in Resources */ = {isa = PBXBuildFile; fileRef = E83C3F9A2710691A008FA3A0 /* Assets.xcassets */; };
		E83C3F9E2710691A008FA3A0 /* Preview Assets.xcassets in Resources */ = {isa = PBXBuildFile; fileRef = E83C3F9D2710691A008FA3A0 /* Preview Assets.xcassets */; };
		E83C3FA627106A23008FA3A0 /* NewsContentViewModel.swift in Sources */ = {isa = PBXBuildFile; fileRef = E83C3FA527106A23008FA3A0 /* NewsContentViewModel.swift */; };
		E83C3FA92710E054008FA3A0 /* NewsView.swift in Sources */ = {isa = PBXBuildFile; fileRef = E83C3FA82710E054008FA3A0 /* NewsView.swift */; };
		E83C3FAD27135EC4008FA3A0 /* Constants.swift in Sources */ = {isa = PBXBuildFile; fileRef = E83C3FAC27135EC4008FA3A0 /* Constants.swift */; };
		E83C3FB027135FC8008FA3A0 /* NetworkManager.swift in Sources */ = {isa = PBXBuildFile; fileRef = E83C3FAF27135FC8008FA3A0 /* NetworkManager.swift */; };
		E83C3FB227136383008FA3A0 /* NewsData.swift in Sources */ = {isa = PBXBuildFile; fileRef = E83C3FB127136383008FA3A0 /* NewsData.swift */; };
		E83C3FB42713651E008FA3A0 /* APError.swift in Sources */ = {isa = PBXBuildFile; fileRef = E83C3FB32713651E008FA3A0 /* APError.swift */; };
/* End PBXBuildFile section */

/* Begin PBXFileReference section */
		E83C3F9327106917008FA3A0 /* News.app */ = {isa = PBXFileReference; explicitFileType = wrapper.application; includeInIndex = 0; path = News.app; sourceTree = BUILT_PRODUCTS_DIR; };
		E83C3F9627106917008FA3A0 /* NewsApp.swift */ = {isa = PBXFileReference; lastKnownFileType = sourcecode.swift; path = NewsApp.swift; sourceTree = "<group>"; };
		E83C3F9827106917008FA3A0 /* NewsContentView.swift */ = {isa = PBXFileReference; lastKnownFileType = sourcecode.swift; path = NewsContentView.swift; sourceTree = "<group>"; };
		E83C3F9A2710691A008FA3A0 /* Assets.xcassets */ = {isa = PBXFileReference; lastKnownFileType = folder.assetcatalog; path = Assets.xcassets; sourceTree = "<group>"; };
		E83C3F9D2710691A008FA3A0 /* Preview Assets.xcassets */ = {isa = PBXFileReference; lastKnownFileType = folder.assetcatalog; path = "Preview Assets.xcassets"; sourceTree = "<group>"; };
		E83C3FA527106A23008FA3A0 /* NewsContentViewModel.swift */ = {isa = PBXFileReference; lastKnownFileType = sourcecode.swift; path = NewsContentViewModel.swift; sourceTree = "<group>"; };
		E83C3FA82710E054008FA3A0 /* NewsView.swift */ = {isa = PBXFileReference; lastKnownFileType = sourcecode.swift; path = NewsView.swift; sourceTree = "<group>"; };
		E83C3FAC27135EC4008FA3A0 /* Constants.swift */ = {isa = PBXFileReference; lastKnownFileType = sourcecode.swift; path = Constants.swift; sourceTree = "<group>"; };
		E83C3FAF27135FC8008FA3A0 /* NetworkManager.swift */ = {isa = PBXFileReference; lastKnownFileType = sourcecode.swift; path = NetworkManager.swift; sourceTree = "<group>"; };
		E83C3FB127136383008FA3A0 /* NewsData.swift */ = {isa = PBXFileReference; lastKnownFileType = sourcecode.swift; path = NewsData.swift; sourceTree = "<group>"; };
		E83C3FB32713651E008FA3A0 /* APError.swift */ = {isa = PBXFileReference; lastKnownFileType = sourcecode.swift; path = APError.swift; sourceTree = "<group>"; };
/* End PBXFileReference section */

/* Begin PBXFrameworksBuildPhase section */
		E83C3F9027106917008FA3A0 /* Frameworks */ = {
			isa = PBXFrameworksBuildPhase;
			buildActionMask = 2147483647;
			files = (
			);
			runOnlyForDeploymentPostprocessing = 0;
		};
/* End PBXFrameworksBuildPhase section */

/* Begin PBXGroup section */
		E83C3F8A27106917008FA3A0 = {
			isa = PBXGroup;
			children = (
				E83C3F9527106917008FA3A0 /* News */,
				E83C3F9427106917008FA3A0 /* Products */,
			);
			sourceTree = "<group>";
		};
		E83C3F9427106917008FA3A0 /* Products */ = {
			isa = PBXGroup;
			children = (
				E83C3F9327106917008FA3A0 /* News.app */,
			);
			name = Products;
			sourceTree = "<group>";
		};
		E83C3F9527106917008FA3A0 /* News */ = {
			isa = PBXGroup;
			children = (
				E83C3FAE27135F25008FA3A0 /* network */,
				E83C3FAB27135DD4008FA3A0 /* common */,
				E83C3FAA27135DA2008FA3A0 /* data */,
				E83C3FA72710E035008FA3A0 /* view */,
				E83C3FA427106936008FA3A0 /* ui */,
				E83C3F9627106917008FA3A0 /* NewsApp.swift */,
				E83C3F9A2710691A008FA3A0 /* Assets.xcassets */,
				E83C3F9C2710691A008FA3A0 /* Preview Content */,
			);
			path = News;
			sourceTree = "<group>";
		};
		E83C3F9C2710691A008FA3A0 /* Preview Content */ = {
			isa = PBXGroup;
			children = (
				E83C3F9D2710691A008FA3A0 /* Preview Assets.xcassets */,
			);
			path = "Preview Content";
			sourceTree = "<group>";
		};
		E83C3FA427106936008FA3A0 /* ui */ = {
			isa = PBXGroup;
			children = (
				E83C3F9827106917008FA3A0 /* NewsContentView.swift */,
				E83C3FA527106A23008FA3A0 /* NewsContentViewModel.swift */,
			);
			path = ui;
			sourceTree = "<group>";
		};
		E83C3FA72710E035008FA3A0 /* view */ = {
			isa = PBXGroup;
			children = (
				E83C3FA82710E054008FA3A0 /* NewsView.swift */,
			);
			path = view;
			sourceTree = "<group>";
		};
		E83C3FAA27135DA2008FA3A0 /* data */ = {
			isa = PBXGroup;
			children = (
				E83C3FB127136383008FA3A0 /* NewsData.swift */,
			);
			path = data;
			sourceTree = "<group>";
		};
		E83C3FAB27135DD4008FA3A0 /* common */ = {
			isa = PBXGroup;
			children = (
				E83C3FAC27135EC4008FA3A0 /* Constants.swift */,
			);
			path = common;
			sourceTree = "<group>";
		};
		E83C3FAE27135F25008FA3A0 /* network */ = {
			isa = PBXGroup;
			children = (
				E83C3FAF27135FC8008FA3A0 /* NetworkManager.swift */,
				E83C3FB32713651E008FA3A0 /* APError.swift */,
			);
			path = network;
			sourceTree = "<group>";
		};
/* End PBXGroup section */

/* Begin PBXNativeTarget section */
		E83C3F9227106917008FA3A0 /* News */ = {
			isa = PBXNativeTarget;
			buildConfigurationList = E83C3FA12710691A008FA3A0 /* Build configuration list for PBXNativeTarget "News" */;
			buildPhases = (
				E83C3F8F27106917008FA3A0 /* Sources */,
				E83C3F9027106917008FA3A0 /* Frameworks */,
				E83C3F9127106917008FA3A0 /* Resources */,
			);
			buildRules = (
			);
			dependencies = (
			);
			name = News;
			productName = News;
			productReference = E83C3F9327106917008FA3A0 /* News.app */;
			productType = "com.apple.product-type.application";
		};
/* End PBXNativeTarget section */

/* Begin PBXProject section */
		E83C3F8B27106917008FA3A0 /* Project object */ = {
			isa = PBXProject;
			attributes = {
				BuildIndependentTargetsInParallel = 1;
				LastSwiftUpdateCheck = 1300;
				LastUpgradeCheck = 1300;
				TargetAttributes = {
					E83C3F9227106917008FA3A0 = {
						CreatedOnToolsVersion = 13.0;
					};
				};
			};
			buildConfigurationList = E83C3F8E27106917008FA3A0 /* Build configuration list for PBXProject "News" */;
			compatibilityVersion = "Xcode 13.0";
			developmentRegion = en;
			hasScannedForEncodings = 0;
			knownRegions = (
				en,
				Base,
			);
			mainGroup = E83C3F8A27106917008FA3A0;
			productRefGroup = E83C3F9427106917008FA3A0 /* Products */;
			projectDirPath = "";
			projectRoot = "";
			targets = (
				E83C3F9227106917008FA3A0 /* News */,
			);
		};
/* End PBXProject section */

/* Begin PBXResourcesBuildPhase section */
		E83C3F9127106917008FA3A0 /* Resources */ = {
			isa = PBXResourcesBuildPhase;
			buildActionMask = 2147483647;
			files = (
				E83C3F9E2710691A008FA3A0 /* Preview Assets.xcassets in Resources */,
				E83C3F9B2710691A008FA3A0 /* Assets.xcassets in Resources */,
			);
			runOnlyForDeploymentPostprocessing = 0;
		};
/* End PBXResourcesBuildPhase section */

/* Begin PBXSourcesBuildPhase section */
		E83C3F8F27106917008FA3A0 /* Sources */ = {
			isa = PBXSourcesBuildPhase;
			buildActionMask = 2147483647;
			files = (
				E83C3FAD27135EC4008FA3A0 /* Constants.swift in Sources */,
				E83C3F9927106917008FA3A0 /* NewsContentView.swift in Sources */,
				E83C3FA92710E054008FA3A0 /* NewsView.swift in Sources */,
				E83C3FB42713651E008FA3A0 /* APError.swift in Sources */,
				E83C3FB027135FC8008FA3A0 /* NetworkManager.swift in Sources */,
				E83C3F9727106917008FA3A0 /* NewsApp.swift in Sources */,
				E83C3FA627106A23008FA3A0 /* NewsContentViewModel.swift in Sources */,
				E83C3FB227136383008FA3A0 /* NewsData.swift in Sources */,
			);
			runOnlyForDeploymentPostprocessing = 0;
		};
/* End PBXSourcesBuildPhase section */

/* Begin XCBuildConfiguration section */
		E83C3F9F2710691A008FA3A0 /* Debug */ = {
			isa = XCBuildConfiguration;
			buildSettings = {
				ALWAYS_SEARCH_USER_PATHS = NO;
				CLANG_ANALYZER_NONNULL = YES;
				CLANG_ANALYZER_NUMBER_OBJECT_CONVERSION = YES_AGGRESSIVE;
				CLANG_CXX_LANGUAGE_STANDARD = "gnu++17";
				CLANG_CXX_LIBRARY = "libc++";
				CLANG_ENABLE_MODULES = YES;
				CLANG_ENABLE_OBJC_ARC = YES;
				CLANG_ENABLE_OBJC_WEAK = YES;
				CLANG_WARN_BLOCK_CAPTURE_AUTORELEASING = YES;
				CLANG_WARN_BOOL_CONVERSION = YES;
				CLANG_WARN_COMMA = YES;
				CLANG_WARN_CONSTANT_CONVERSION = YES;
				CLANG_WARN_DEPRECATED_OBJC_IMPLEMENTATIONS = YES;
				CLANG_WARN_DIRECT_OBJC_ISA_USAGE = YES_ERROR;
				CLANG_WARN_DOCUMENTATION_COMMENTS = YES;
				CLANG_WARN_EMPTY_BODY = YES;
				CLANG_WARN_ENUM_CONVERSION = YES;
				CLANG_WARN_INFINITE_RECURSION = YES;
				CLANG_WARN_INT_CONVERSION = YES;
				CLANG_WARN_NON_LITERAL_NULL_CONVERSION = YES;
				CLANG_WARN_OBJC_IMPLICIT_RETAIN_SELF = YES;
				CLANG_WARN_OBJC_LITERAL_CONVERSION = YES;
				CLANG_WARN_OBJC_ROOT_CLASS = YES_ERROR;
				CLANG_WARN_QUOTED_INCLUDE_IN_FRAMEWORK_HEADER = YES;
				CLANG_WARN_RANGE_LOOP_ANALYSIS = YES;
				CLANG_WARN_STRICT_PROTOTYPES = YES;
				CLANG_WARN_SUSPICIOUS_MOVE = YES;
				CLANG_WARN_UNGUARDED_AVAILABILITY = YES_AGGRESSIVE;
				CLANG_WARN_UNREACHABLE_CODE = YES;
				CLANG_WARN__DUPLICATE_METHOD_MATCH = YES;
				COPY_PHASE_STRIP = NO;
				DEBUG_INFORMATION_FORMAT = dwarf;
				ENABLE_STRICT_OBJC_MSGSEND = YES;
				ENABLE_TESTABILITY = YES;
				GCC_C_LANGUAGE_STANDARD = gnu11;
				GCC_DYNAMIC_NO_PIC = NO;
				GCC_NO_COMMON_BLOCKS = YES;
				GCC_OPTIMIZATION_LEVEL = 0;
				GCC_PREPROCESSOR_DEFINITIONS = (
					"DEBUG=1",
					"$(inherited)",
				);
				GCC_WARN_64_TO_32_BIT_CONVERSION = YES;
				GCC_WARN_ABOUT_RETURN_TYPE = YES_ERROR;
				GCC_WARN_UNDECLARED_SELECTOR = YES;
				GCC_WARN_UNINITIALIZED_AUTOS = YES_AGGRESSIVE;
				GCC_WARN_UNUSED_FUNCTION = YES;
				GCC_WARN_UNUSED_VARIABLE = YES;
				IPHONEOS_DEPLOYMENT_TARGET = 15.0;
				MTL_ENABLE_DEBUG_INFO = INCLUDE_SOURCE;
				MTL_FAST_MATH = YES;
				ONLY_ACTIVE_ARCH = YES;
				SDKROOT = iphoneos;
				SWIFT_ACTIVE_COMPILATION_CONDITIONS = DEBUG;
				SWIFT_OPTIMIZATION_LEVEL = "-Onone";
			};
			name = Debug;
		};
		E83C3FA02710691A008FA3A0 /* Release */ = {
			isa = XCBuildConfiguration;
			buildSettings = {
				ALWAYS_SEARCH_USER_PATHS = NO;
				CLANG_ANALYZER_NONNULL = YES;
				CLANG_ANALYZER_NUMBER_OBJECT_CONVERSION = YES_AGGRESSIVE;
				CLANG_CXX_LANGUAGE_STANDARD = "gnu++17";
				CLANG_CXX_LIBRARY = "libc++";
				CLANG_ENABLE_MODULES = YES;
				CLANG_ENABLE_OBJC_ARC = YES;
				CLANG_ENABLE_OBJC_WEAK = YES;
				CLANG_WARN_BLOCK_CAPTURE_AUTORELEASING = YES;
				CLANG_WARN_BOOL_CONVERSION = YES;
				CLANG_WARN_COMMA = YES;
				CLANG_WARN_CONSTANT_CONVERSION = YES;
				CLANG_WARN_DEPRECATED_OBJC_IMPLEMENTATIONS = YES;
				CLANG_WARN_DIRECT_OBJC_ISA_USAGE = YES_ERROR;
				CLANG_WARN_DOCUMENTATION_COMMENTS = YES;
				CLANG_WARN_EMPTY_BODY = YES;
				CLANG_WARN_ENUM_CONVERSION = YES;
				CLANG_WARN_INFINITE_RECURSION = YES;
				CLANG_WARN_INT_CONVERSION = YES;
				CLANG_WARN_NON_LITERAL_NULL_CONVERSION = YES;
				CLANG_WARN_OBJC_IMPLICIT_RETAIN_SELF = YES;
				CLANG_WARN_OBJC_LITERAL_CONVERSION = YES;
				CLANG_WARN_OBJC_ROOT_CLASS = YES_ERROR;
				CLANG_WARN_QUOTED_INCLUDE_IN_FRAMEWORK_HEADER = YES;
				CLANG_WARN_RANGE_LOOP_ANALYSIS = YES;
				CLANG_WARN_STRICT_PROTOTYPES = YES;
				CLANG_WARN_SUSPICIOUS_MOVE = YES;
				CLANG_WARN_UNGUARDED_AVAILABILITY = YES_AGGRESSIVE;
				CLANG_WARN_UNREACHABLE_CODE = YES;
				CLANG_WARN__DUPLICATE_METHOD_MATCH = YES;
				COPY_PHASE_STRIP = NO;
				DEBUG_INFORMATION_FORMAT = "dwarf-with-dsym";
				ENABLE_NS_ASSERTIONS = NO;
				ENABLE_STRICT_OBJC_MSGSEND = YES;
				GCC_C_LANGUAGE_STANDARD = gnu11;
				GCC_NO_COMMON_BLOCKS = YES;
				GCC_WARN_64_TO_32_BIT_CONVERSION = YES;
				GCC_WARN_ABOUT_RETURN_TYPE = YES_ERROR;
				GCC_WARN_UNDECLARED_SELECTOR = YES;
				GCC_WARN_UNINITIALIZED_AUTOS = YES_AGGRESSIVE;
				GCC_WARN_UNUSED_FUNCTION = YES;
				GCC_WARN_UNUSED_VARIABLE = YES;
				IPHONEOS_DEPLOYMENT_TARGET = 15.0;
				MTL_ENABLE_DEBUG_INFO = NO;
				MTL_FAST_MATH = YES;
				SDKROOT = iphoneos;
				SWIFT_COMPILATION_MODE = wholemodule;
				SWIFT_OPTIMIZATION_LEVEL = "-O";
				VALIDATE_PRODUCT = YES;
			};
			name = Release;
		};
		E83C3FA22710691A008FA3A0 /* Debug */ = {
			isa = XCBuildConfiguration;
			buildSettings = {
				ASSETCATALOG_COMPILER_APPICON_NAME = AppIcon;
				ASSETCATALOG_COMPILER_GLOBAL_ACCENT_COLOR_NAME = AccentColor;
				CODE_SIGN_STYLE = Automatic;
				CURRENT_PROJECT_VERSION = 1;
				DEVELOPMENT_ASSET_PATHS = "\"News/Preview Content\"";
				DEVELOPMENT_TEAM = DHKYX69V83;
				ENABLE_PREVIEWS = YES;
				GENERATE_INFOPLIST_FILE = YES;
				INFOPLIST_KEY_UIApplicationSceneManifest_Generation = YES;
				INFOPLIST_KEY_UIApplicationSupportsIndirectInputEvents = YES;
				INFOPLIST_KEY_UILaunchScreen_Generation = YES;
				INFOPLIST_KEY_UISupportedInterfaceOrientations_iPad = "UIInterfaceOrientationPortrait UIInterfaceOrientationPortraitUpsideDown UIInterfaceOrientationLandscapeLeft UIInterfaceOrientationLandscapeRight";
				INFOPLIST_KEY_UISupportedInterfaceOrientations_iPhone = "UIInterfaceOrientationPortrait UIInterfaceOrientationLandscapeLeft UIInterfaceOrientationLandscapeRight";
				IPHONEOS_DEPLOYMENT_TARGET = 14.0;
				LD_RUNPATH_SEARCH_PATHS = (
					"$(inherited)",
					"@executable_path/Frameworks",
				);
				MARKETING_VERSION = 1.0;
				PRODUCT_BUNDLE_IDENTIFIER = com.farkhodkhaknazarov.News;
				PRODUCT_NAME = "$(TARGET_NAME)";
				SWIFT_EMIT_LOC_STRINGS = YES;
				SWIFT_VERSION = 5.0;
				TARGETED_DEVICE_FAMILY = "1,2";
			};
			name = Debug;
		};
		E83C3FA32710691A008FA3A0 /* Release */ = {
			isa = XCBuildConfiguration;
			buildSettings = {
				ASSETCATALOG_COMPILER_APPICON_NAME = AppIcon;
				ASSETCATALOG_COMPILER_GLOBAL_ACCENT_COLOR_NAME = AccentColor;
				CODE_SIGN_STYLE = Automatic;
				CURRENT_PROJECT_VERSION = 1;
				DEVELOPMENT_ASSET_PATHS = "\"News/Preview Content\"";
				DEVELOPMENT_TEAM = DHKYX69V83;
				ENABLE_PREVIEWS = YES;
				GENERATE_INFOPLIST_FILE = YES;
				INFOPLIST_KEY_UIApplicationSceneManifest_Generation = YES;
				INFOPLIST_KEY_UIApplicationSupportsIndirectInputEvents = YES;
				INFOPLIST_KEY_UILaunchScreen_Generation = YES;
				INFOPLIST_KEY_UISupportedInterfaceOrientations_iPad = "UIInterfaceOrientationPortrait UIInterfaceOrientationPortraitUpsideDown UIInterfaceOrientationLandscapeLeft UIInterfaceOrientationLandscapeRight";
				INFOPLIST_KEY_UISupportedInterfaceOrientations_iPhone = "UIInterfaceOrientationPortrait UIInterfaceOrientationLandscapeLeft UIInterfaceOrientationLandscapeRight";
				IPHONEOS_DEPLOYMENT_TARGET = 14.0;
				LD_RUNPATH_SEARCH_PATHS = (
					"$(inherited)",
					"@executable_path/Frameworks",
				);
				MARKETING_VERSION = 1.0;
				PRODUCT_BUNDLE_IDENTIFIER = com.farkhodkhaknazarov.News;
				PRODUCT_NAME = "$(TARGET_NAME)";
				SWIFT_EMIT_LOC_STRINGS = YES;
				SWIFT_VERSION = 5.0;
				TARGETED_DEVICE_FAMILY = "1,2";
			};
			name = Release;
		};
/* End XCBuildConfiguration section */

/* Begin XCConfigurationList section */
		E83C3F8E27106917008FA3A0 /* Build configuration list for PBXProject "News" */ = {
			isa = XCConfigurationList;
			buildConfigurations = (
				E83C3F9F2710691A008FA3A0 /* Debug */,
				E83C3FA02710691A008FA3A0 /* Release */,
			);
			defaultConfigurationIsVisible = 0;
			defaultConfigurationName = Release;
		};
		E83C3FA12710691A008FA3A0 /* Build configuration list for PBXNativeTarget "News" */ = {
			isa = XCConfigurationList;
			buildConfigurations = (
				E83C3FA22710691A008FA3A0 /* Debug */,
				E83C3FA32710691A008FA3A0 /* Release */,
			);
			defaultConfigurationIsVisible = 0;
			defaultConfigurationName = Release;
		};
/* End XCConfigurationList section */
	};
	rootObject = E83C3F8B27106917008FA3A0 /* Project object */;
}
